
Microsoft Visual Studio Solution File, Format Version 12.00
# Visual Studio 15
VisualStudioVersion = 15.0.26430.15
MinimumVisualStudioVersion = 10.0.40219.1
Project("{9A19103F-16F7-4668-BE54-9A1E7A4F7556}") = "ASP.NET.Sample.Web", "WebApplication2\ASP.NET.Sample.Web.csproj", "{89215596-CADF-4228-B920-3A9FDB049103}"
EndProject
Project("{9A19103F-16F7-4668-BE54-9A1E7A4F7556}") = "XUnitTestProject", "XUnitTestProject\XUnitTestProject.csproj", "{1ACBC259-7D16-4200-8FAD-6CFDA3543E9C}"
EndProject
Project("{FAE04EC0-301F-11D3-BF4B-00C04F79EFBC}") = "ASP.NET.Core.Web.Api", "ASP.NET.Core.Web.Api\ASP.NET.Core.Web.Api.csproj", "{3B6C29E6-4542-4AC0-A40E-5E6A198F2D42}"
EndProject
Global
	GlobalSection(SolutionConfigurationPlatforms) = preSolution
		Debug|Any CPU = Debug|Any CPU
		Release|Any CPU = Release|Any CPU
	EndGlobalSection
	GlobalSection(ProjectConfigurationPlatforms) = postSolution
		{89215596-CADF-4228-B920-3A9FDB049103}.Debug|Any CPU.ActiveCfg = Debug|Any CPU
		{89215596-CADF-4228-B920-3A9FDB049103}.Debug|Any CPU.Build.0 = Debug|Any CPU
		{89215596-CADF-4228-B920-3A9FDB049103}.Release|Any CPU.ActiveCfg = Release|Any CPU
		{89215596-CADF-4228-B920-3A9FDB049103}.Release|Any CPU.Build.0 = Release|Any CPU
		{1ACBC259-7D16-4200-8FAD-6CFDA3543E9C}.Debug|Any CPU.ActiveCfg = Debug|Any CPU
		{1ACBC259-7D16-4200-8FAD-6CFDA3543E9C}.Debug|Any CPU.Build.0 = Debug|Any CPU
		{1ACBC259-7D16-4200-8FAD-6CFDA3543E9C}.Release|Any CPU.ActiveCfg = Release|Any CPU
		{1ACBC259-7D16-4200-8FAD-6CFDA3543E9C}.Release|Any CPU.Build.0 = Release|Any CPU
		{3B6C29E6-4542-4AC0-A40E-5E6A198F2D42}.Debug|Any CPU.ActiveCfg = Debug|Any CPU
		{3B6C29E6-4542-4AC0-A40E-5E6A198F2D42}.Debug|Any CPU.Build.0 = Debug|Any CPU
		{3B6C29E6-4542-4AC0-A40E-5E6A198F2D42}.Release|Any CPU.ActiveCfg = Release|Any CPU
		{3B6C29E6-4542-4AC0-A40E-5E6A198F2D42}.Release|Any CPU.Build.0 = Release|Any CPU
	EndGlobalSection
	GlobalSection(SolutionProperties) = preSolution
		HideSolutionNode = FALSE
	EndGlobalSection
EndGlobal
